
Microsoft Visual Studio Solution File, Format Version 12.00
# Visual Studio Version 17
VisualStudioVersion = 17.5.33627.172
MinimumVisualStudioVersion = 10.0.40219.1
Project("{FAE04EC0-301F-11D3-BF4B-00C04F79EFBC}") = "Ejecicio Label.Android", "Ejecicio Label\Ejecicio Label.Android\Ejecicio Label.Android.csproj", "{DC6A4B70-FF9C-45E1-9E89-F8239A8E815B}"
EndProject
Project("{FAE04EC0-301F-11D3-BF4B-00C04F79EFBC}") = "Ejecicio Label.iOS", "Ejecicio Label\Ejecicio Label.iOS\Ejecicio Label.iOS.csproj", "{3718C20C-1EF3-4BB6-838A-DF6E44CEFEA9}"
EndProject
Project("{FAE04EC0-301F-11D3-BF4B-00C04F79EFBC}") = "Ejecicio Label", "Ejecicio Label\Ejecicio Label\Ejecicio Label.csproj", "{591E39CB-A1B7-4970-9877-67F07BBA656B}"
EndProject
Global
	GlobalSection(SolutionConfigurationPlatforms) = preSolution
		Debug|Any CPU = Debug|Any CPU
		Debug|iPhone = Debug|iPhone
		Debug|iPhoneSimulator = Debug|iPhoneSimulator
		Release|Any CPU = Release|Any CPU
		Release|iPhone = Release|iPhone
		Release|iPhoneSimulator = Release|iPhoneSimulator
	EndGlobalSection
	GlobalSection(ProjectConfigurationPlatforms) = postSolution
		{DC6A4B70-FF9C-45E1-9E89-F8239A8E815B}.Debug|Any CPU.ActiveCfg = Debug|Any CPU
		{DC6A4B70-FF9C-45E1-9E89-F8239A8E815B}.Debug|Any CPU.Build.0 = Debug|Any CPU
		{DC6A4B70-FF9C-45E1-9E89-F8239A8E815B}.Debug|Any CPU.Deploy.0 = Debug|Any CPU
		{DC6A4B70-FF9C-45E1-9E89-F8239A8E815B}.Debug|iPhone.ActiveCfg = Debug|Any CPU
		{DC6A4B70-FF9C-45E1-9E89-F8239A8E815B}.Debug|iPhone.Build.0 = Debug|Any CPU
		{DC6A4B70-FF9C-45E1-9E89-F8239A8E815B}.Debug|iPhone.Deploy.0 = Debug|Any CPU
		{DC6A4B70-FF9C-45E1-9E89-F8239A8E815B}.Debug|iPhoneSimulator.ActiveCfg = Debug|Any CPU
		{DC6A4B70-FF9C-45E1-9E89-F8239A8E815B}.Debug|iPhoneSimulator.Build.0 = Debug|Any CPU
		{DC6A4B70-FF9C-45E1-9E89-F8239A8E815B}.Debug|iPhoneSimulator.Deploy.0 = Debug|Any CPU
		{DC6A4B70-FF9C-45E1-9E89-F8239A8E815B}.Release|Any CPU.ActiveCfg = Release|Any CPU
		{DC6A4B70-FF9C-45E1-9E89-F8239A8E815B}.Release|Any CPU.Build.0 = Release|Any CPU
		{DC6A4B70-FF9C-45E1-9E89-F8239A8E815B}.Release|Any CPU.Deploy.0 = Release|Any CPU
		{DC6A4B70-FF9C-45E1-9E89-F8239A8E815B}.Release|iPhone.ActiveCfg = Release|Any CPU
		{DC6A4B70-FF9C-45E1-9E89-F8239A8E815B}.Release|iPhone.Build.0 = Release|Any CPU
		{DC6A4B70-FF9C-45E1-9E89-F8239A8E815B}.Release|iPhone.Deploy.0 = Release|Any CPU
		{DC6A4B70-FF9C-45E1-9E89-F8239A8E815B}.Release|iPhoneSimulator.ActiveCfg = Release|Any CPU
		{DC6A4B70-FF9C-45E1-9E89-F8239A8E815B}.Release|iPhoneSimulator.Build.0 = Release|Any CPU
		{DC6A4B70-FF9C-45E1-9E89-F8239A8E815B}.Release|iPhoneSimulator.Deploy.0 = Release|Any CPU
		{3718C20C-1EF3-4BB6-838A-DF6E44CEFEA9}.Debug|Any CPU.ActiveCfg = Debug|iPhone
		{3718C20C-1EF3-4BB6-838A-DF6E44CEFEA9}.Debug|Any CPU.Build.0 = Debug|iPhone
		{3718C20C-1EF3-4BB6-838A-DF6E44CEFEA9}.Debug|Any CPU.Deploy.0 = Debug|iPhone
		{3718C20C-1EF3-4BB6-838A-DF6E44CEFEA9}.Debug|iPhone.ActiveCfg = Debug|iPhone
		{3718C20C-1EF3-4BB6-838A-DF6E44CEFEA9}.Debug|iPhone.Build.0 = Debug|iPhone
		{3718C20C-1EF3-4BB6-838A-DF6E44CEFEA9}.Debug|iPhone.Deploy.0 = Debug|iPhone
		{3718C20C-1EF3-4BB6-838A-DF6E44CEFEA9}.Debug|iPhoneSimulator.ActiveCfg = Debug|iPhoneSimulator
		{3718C20C-1EF3-4BB6-838A-DF6E44CEFEA9}.Debug|iPhoneSimulator.Build.0 = Debug|iPhoneSimulator
		{3718C20C-1EF3-4BB6-838A-DF6E44CEFEA9}.Debug|iPhoneSimulator.Deploy.0 = Debug|iPhoneSimulator
		{3718C20C-1EF3-4BB6-838A-DF6E44CEFEA9}.Release|Any CPU.ActiveCfg = Release|iPhoneSimulator
		{3718C20C-1EF3-4BB6-838A-DF6E44CEFEA9}.Release|Any CPU.Build.0 = Release|iPhoneSimulator
		{3718C20C-1EF3-4BB6-838A-DF6E44CEFEA9}.Release|Any CPU.Deploy.0 = Release|iPhoneSimulator
		{3718C20C-1EF3-4BB6-838A-DF6E44CEFEA9}.Release|iPhone.ActiveCfg = Release|iPhone
		{3718C20C-1EF3-4BB6-838A-DF6E44CEFEA9}.Release|iPhone.Build.0 = Release|iPhone
		{3718C20C-1EF3-4BB6-838A-DF6E44CEFEA9}.Release|iPhone.Deploy.0 = Release|iPhone
		{3718C20C-1EF3-4BB6-838A-DF6E44CEFEA9}.Release|iPhoneSimulator.ActiveCfg = Release|iPhoneSimulator
		{3718C20C-1EF3-4BB6-838A-DF6E44CEFEA9}.Release|iPhoneSimulator.Build.0 = Release|iPhoneSimulator
		{3718C20C-1EF3-4BB6-838A-DF6E44CEFEA9}.Release|iPhoneSimulator.Deploy.0 = Release|iPhoneSimulator
		{591E39CB-A1B7-4970-9877-67F07BBA656B}.Debug|Any CPU.ActiveCfg = Debug|Any CPU
		{591E39CB-A1B7-4970-9877-67F07BBA656B}.Debug|Any CPU.Build.0 = Debug|Any CPU
		{591E39CB-A1B7-4970-9877-67F07BBA656B}.Debug|Any CPU.Deploy.0 = Debug|Any CPU
		{591E39CB-A1B7-4970-9877-67F07BBA656B}.Debug|iPhone.ActiveCfg = Debug|Any CPU
		{591E39CB-A1B7-4970-9877-67F07BBA656B}.Debug|iPhone.Build.0 = Debug|Any CPU
		{591E39CB-A1B7-4970-9877-67F07BBA656B}.Debug|iPhone.Deploy.0 = Debug|Any CPU
		{591E39CB-A1B7-4970-9877-67F07BBA656B}.Debug|iPhoneSimulator.ActiveCfg = Debug|Any CPU
		{591E39CB-A1B7-4970-9877-67F07BBA656B}.Debug|iPhoneSimulator.Build.0 = Debug|Any CPU
		{591E39CB-A1B7-4970-9877-67F07BBA656B}.Debug|iPhoneSimulator.Deploy.0 = Debug|Any CPU
		{591E39CB-A1B7-4970-9877-67F07BBA656B}.Release|Any CPU.ActiveCfg = Release|Any CPU
		{591E39CB-A1B7-4970-9877-67F07BBA656B}.Release|Any CPU.Build.0 = Release|Any CPU
		{591E39CB-A1B7-4970-9877-67F07BBA656B}.Release|Any CPU.Deploy.0 = Release|Any CPU
		{591E39CB-A1B7-4970-9877-67F07BBA656B}.Release|iPhone.ActiveCfg = Release|Any CPU
		{591E39CB-A1B7-4970-9877-67F07BBA656B}.Release|iPhone.Build.0 = Release|Any CPU
		{591E39CB-A1B7-4970-9877-67F07BBA656B}.Release|iPhone.Deploy.0 = Release|Any CPU
		{591E39CB-A1B7-4970-9877-67F07BBA656B}.Release|iPhoneSimulator.ActiveCfg = Release|Any CPU
		{591E39CB-A1B7-4970-9877-67F07BBA656B}.Release|iPhoneSimulator.Build.0 = Release|Any CPU
		{591E39CB-A1B7-4970-9877-67F07BBA656B}.Release|iPhoneSimulator.Deploy.0 = Release|Any CPU
	EndGlobalSection
	GlobalSection(SolutionProperties) = preSolution
		HideSolutionNode = FALSE
	EndGlobalSection
	GlobalSection(ExtensibilityGlobals) = postSolution
		SolutionGuid = {B873181A-DF9C-4795-A6AA-3E027C799B74}
	EndGlobalSection
EndGlobal
